
Microsoft Visual Studio Solution File, Format Version 11.00
# Visual C# Express 2010
Project("{FAE04EC0-301F-11D3-BF4B-00C04F79EFBC}") = "Ejemplos31May", "Ejemplos31May\Ejemplos31May.csproj", "{705913A2-1495-40A0-8D1F-8730011DC325}"
EndProject
Global
	GlobalSection(SolutionConfigurationPlatforms) = preSolution
		Debug|x86 = Debug|x86
		Release|x86 = Release|x86
	EndGlobalSection
	GlobalSection(ProjectConfigurationPlatforms) = postSolution
		{705913A2-1495-40A0-8D1F-8730011DC325}.Debug|x86.ActiveCfg = Debug|x86
		{705913A2-1495-40A0-8D1F-8730011DC325}.Debug|x86.Build.0 = Debug|x86
		{705913A2-1495-40A0-8D1F-8730011DC325}.Release|x86.ActiveCfg = Release|x86
		{705913A2-1495-40A0-8D1F-8730011DC325}.Release|x86.Build.0 = Release|x86
	EndGlobalSection
	GlobalSection(SolutionProperties) = preSolution
		HideSolutionNode = FALSE
	EndGlobalSection
EndGlobal
